{
  "originHash" : "8f2969a25e888383a95372b3428e7dd579e27de86227fb93afb93e61467f85d6",
  "pins" : [
    {
      "identity" : "aws-sdk-ios-spm",
      "kind" : "remoteSourceControl",
      "location" : "https://github.com/aws-amplify/aws-sdk-ios-spm",
      "state" : {
        "revision" : "ca31418963a90bac80538e13f6b7af87ea14d279",
        "version" : "2.33.4"
      }
    },
    {
      "identity" : "truvideo-sdk-ios-media",
      "kind" : "remoteSourceControl",
      "location" : "https://github.com/Truvideo/truvideo-sdk-ios-media.git",
      "state" : {
        "revision" : "5f0595e377b450115faebad124003bc308d770d1",
        "version" : "76.4.5"
      }
    }
  ],
  "version" : 3
}
